
Microsoft Visual Studio Solution File, Format Version 12.00
# Visual Studio Version 16
VisualStudioVersion = 16.0.32228.343
MinimumVisualStudioVersion = 10.0.40219.1
Project("{FAE04EC0-301F-11D3-BF4B-00C04F79EFBC}") = "Library Management System", "Library Management System.csproj", "{4E9B2913-7B9A-444F-989E-29A0385B08E0}"
EndProject
Global
	GlobalSection(SolutionConfigurationPlatforms) = preSolution
		Debug|Any CPU = Debug|Any CPU
		Release|Any CPU = Release|Any CPU
	EndGlobalSection
	GlobalSection(ProjectConfigurationPlatforms) = postSolution
		{4E9B2913-7B9A-444F-989E-29A0385B08E0}.Debug|Any CPU.ActiveCfg = Debug|Any CPU
		{4E9B2913-7B9A-444F-989E-29A0385B08E0}.Debug|Any CPU.Build.0 = Debug|Any CPU
		{4E9B2913-7B9A-444F-989E-29A0385B08E0}.Release|Any CPU.ActiveCfg = Release|Any CPU
		{4E9B2913-7B9A-444F-989E-29A0385B08E0}.Release|Any CPU.Build.0 = Release|Any CPU
	EndGlobalSection
	GlobalSection(SolutionProperties) = preSolution
		HideSolutionNode = FALSE
	EndGlobalSection
	GlobalSection(ExtensibilityGlobals) = postSolution
		SolutionGuid = {A059C65C-1994-4A20-B412-646C09A38B3B}
	EndGlobalSection
EndGlobal
